
Microsoft Visual Studio Solution File, Format Version 12.00
# Visual Studio Version 17
VisualStudioVersion = 17.5.33424.131
MinimumVisualStudioVersion = 10.0.40219.1
Project("{FAE04EC0-301F-11D3-BF4B-00C04F79EFBC}") = "winproject", "winproject\winproject.csproj", "{F036AC27-5F6A-4C01-BE0F-B516D15C7366}"
EndProject
Global
	GlobalSection(SolutionConfigurationPlatforms) = preSolution
		Debug|Any CPU = Debug|Any CPU
		Release|Any CPU = Release|Any CPU
	EndGlobalSection
	GlobalSection(ProjectConfigurationPlatforms) = postSolution
		{F036AC27-5F6A-4C01-BE0F-B516D15C7366}.Debug|Any CPU.ActiveCfg = Debug|Any CPU
		{F036AC27-5F6A-4C01-BE0F-B516D15C7366}.Debug|Any CPU.Build.0 = Debug|Any CPU
		{F036AC27-5F6A-4C01-BE0F-B516D15C7366}.Release|Any CPU.ActiveCfg = Release|Any CPU
		{F036AC27-5F6A-4C01-BE0F-B516D15C7366}.Release|Any CPU.Build.0 = Release|Any CPU
	EndGlobalSection
	GlobalSection(SolutionProperties) = preSolution
		HideSolutionNode = FALSE
	EndGlobalSection
	GlobalSection(ExtensibilityGlobals) = postSolution
		SolutionGuid = {71508CEA-F680-43A1-BD86-D98C121FBD28}
	EndGlobalSection
EndGlobal
